
Microsoft Visual Studio Solution File, Format Version 12.00
# Visual Studio Version 17
VisualStudioVersion = 17.5.33516.290
MinimumVisualStudioVersion = 10.0.40219.1
Project("{FAE04EC0-301F-11D3-BF4B-00C04F79EFBC}") = "EmailSaveAddin", "EmailSaveAddin\EmailSaveAddin.csproj", "{6BD77CCC-1D90-485C-8B04-00BAEB3E4C3C}"
EndProject
Global
	GlobalSection(SolutionConfigurationPlatforms) = preSolution
		Debug|Any CPU = Debug|Any CPU
		Release|Any CPU = Release|Any CPU
	EndGlobalSection
	GlobalSection(ProjectConfigurationPlatforms) = postSolution
		{6BD77CCC-1D90-485C-8B04-00BAEB3E4C3C}.Debug|Any CPU.ActiveCfg = Debug|Any CPU
		{6BD77CCC-1D90-485C-8B04-00BAEB3E4C3C}.Debug|Any CPU.Build.0 = Debug|Any CPU
		{6BD77CCC-1D90-485C-8B04-00BAEB3E4C3C}.Release|Any CPU.ActiveCfg = Release|Any CPU
		{6BD77CCC-1D90-485C-8B04-00BAEB3E4C3C}.Release|Any CPU.Build.0 = Release|Any CPU
	EndGlobalSection
	GlobalSection(SolutionProperties) = preSolution
		HideSolutionNode = FALSE
	EndGlobalSection
	GlobalSection(ExtensibilityGlobals) = postSolution
		SolutionGuid = {A292B0E9-EBFF-4B04-B8A2-089353E890BC}
	EndGlobalSection
EndGlobal
